// !$*UTF8*$!
{
	archiveVersion = 1;
	classes = {
	};
	objectVersion = 52;
	objects = {

/* Begin PBXBuildFile section */
		4A19F315254D8B9300E429F0 /* BackgroundNotification.swift in Sources */ = {isa = PBXBuildFile; fileRef = 4A19F314254D8B9300E429F0 /* BackgroundNotification.swift */; };
		4A19F319254D8BB700E429F0 /* UserNotification.swift in Sources */ = {isa = PBXBuildFile; fileRef = 4A19F318254D8BB600E429F0 /* UserNotification.swift */; };
		4A19F31D254DC2CC00E429F0 /* RemoteClient.swift in Sources */ = {isa = PBXBuildFile; fileRef = 4A19F31C254DC2CC00E429F0 /* RemoteClient.swift */; };
		4AA682AE254D824900031ADC /* SceneDelegate.swift in Sources */ = {isa = PBXBuildFile; fileRef = 4AA682AD254D824900031ADC /* SceneDelegate.swift */; };
		4AA682B0254D824900031ADC /* ContentView.swift in Sources */ = {isa = PBXBuildFile; fileRef = 4AA682AF254D824900031ADC /* ContentView.swift */; };
		4AA682B2254D824B00031ADC /* Assets.xcassets in Resources */ = {isa = PBXBuildFile; fileRef = 4AA682B1254D824B00031ADC /* Assets.xcassets */; };
		4AA682C0254D824B00031ADC /* ExampleTests.swift in Sources */ = {isa = PBXBuildFile; fileRef = 4AA682BF254D824B00031ADC /* ExampleTests.swift */; };
		4AA682E0254D827C00031ADC /* ComposableUserNotifications in Frameworks */ = {isa = PBXBuildFile; productRef = 4AA682DF254D827C00031ADC /* ComposableUserNotifications */; };
		4AA682E7254D870C00031ADC /* AppState.swift in Sources */ = {isa = PBXBuildFile; fileRef = 4AA682E6254D870C00031ADC /* AppState.swift */; };
/* End PBXBuildFile section */

/* Begin PBXContainerItemProxy section */
		4AA682BC254D824B00031ADC /* PBXContainerItemProxy */ = {
			isa = PBXContainerItemProxy;
			containerPortal = 4AA682A2254D824900031ADC /* Project object */;
			proxyType = 1;
			remoteGlobalIDString = 4AA682A9254D824900031ADC;
			remoteInfo = Example;
		};
/* End PBXContainerItemProxy section */

/* Begin PBXFileReference section */
		4A19F314254D8B9300E429F0 /* BackgroundNotification.swift */ = {isa = PBXFileReference; lastKnownFileType = sourcecode.swift; path = BackgroundNotification.swift; sourceTree = "<group>"; };
		4A19F318254D8BB600E429F0 /* UserNotification.swift */ = {isa = PBXFileReference; lastKnownFileType = sourcecode.swift; path = UserNotification.swift; sourceTree = "<group>"; };
		4A19F31C254DC2CC00E429F0 /* RemoteClient.swift */ = {isa = PBXFileReference; lastKnownFileType = sourcecode.swift; path = RemoteClient.swift; sourceTree = "<group>"; };
		4AA682AA254D824900031ADC /* Example.app */ = {isa = PBXFileReference; explicitFileType = wrapper.application; includeInIndex = 0; path = Example.app; sourceTree = BUILT_PRODUCTS_DIR; };
		4AA682AD254D824900031ADC /* SceneDelegate.swift */ = {isa = PBXFileReference; lastKnownFileType = sourcecode.swift; path = SceneDelegate.swift; sourceTree = "<group>"; };
		4AA682AF254D824900031ADC /* ContentView.swift */ = {isa = PBXFileReference; lastKnownFileType = sourcecode.swift; path = ContentView.swift; sourceTree = "<group>"; };
		4AA682B1254D824B00031ADC /* Assets.xcassets */ = {isa = PBXFileReference; lastKnownFileType = folder.assetcatalog; path = Assets.xcassets; sourceTree = "<group>"; };
		4AA682B6254D824B00031ADC /* Info.plist */ = {isa = PBXFileReference; lastKnownFileType = text.plist.xml; path = Info.plist; sourceTree = "<group>"; };
		4AA682BB254D824B00031ADC /* ExampleTests.xctest */ = {isa = PBXFileReference; explicitFileType = wrapper.cfbundle; includeInIndex = 0; path = ExampleTests.xctest; sourceTree = BUILT_PRODUCTS_DIR; };
		4AA682BF254D824B00031ADC /* ExampleTests.swift */ = {isa = PBXFileReference; lastKnownFileType = sourcecode.swift; path = ExampleTests.swift; sourceTree = "<group>"; };
		4AA682C1254D824B00031ADC /* Info.plist */ = {isa = PBXFileReference; lastKnownFileType = text.plist.xml; path = Info.plist; sourceTree = "<group>"; };
		4AA682E6254D870C00031ADC /* AppState.swift */ = {isa = PBXFileReference; lastKnownFileType = sourcecode.swift; path = AppState.swift; sourceTree = "<group>"; };
/* End PBXFileReference section */

/* Begin PBXFrameworksBuildPhase section */
		4AA682A7254D824900031ADC /* Frameworks */ = {
			isa = PBXFrameworksBuildPhase;
			buildActionMask = 2147483647;
			files = (
				4AA682E0254D827C00031ADC /* ComposableUserNotifications in Frameworks */,
			);
			runOnlyForDeploymentPostprocessing = 0;
		};
		4AA682B8254D824B00031ADC /* Frameworks */ = {
			isa = PBXFrameworksBuildPhase;
			buildActionMask = 2147483647;
			files = (
			);
			runOnlyForDeploymentPostprocessing = 0;
		};
/* End PBXFrameworksBuildPhase section */

/* Begin PBXGroup section */
		4AA682A1254D824900031ADC = {
			isa = PBXGroup;
			children = (
				4AA682AC254D824900031ADC /* Example */,
				4AA682BE254D824B00031ADC /* ExampleTests */,
				4AA682AB254D824900031ADC /* Products */,
				4AA682DE254D827C00031ADC /* Frameworks */,
			);
			sourceTree = "<group>";
		};
		4AA682AB254D824900031ADC /* Products */ = {
			isa = PBXGroup;
			children = (
				4AA682AA254D824900031ADC /* Example.app */,
				4AA682BB254D824B00031ADC /* ExampleTests.xctest */,
			);
			name = Products;
			sourceTree = "<group>";
		};
		4AA682AC254D824900031ADC /* Example */ = {
			isa = PBXGroup;
			children = (
				4AA682E6254D870C00031ADC /* AppState.swift */,
				4A19F314254D8B9300E429F0 /* BackgroundNotification.swift */,
				4AA682AF254D824900031ADC /* ContentView.swift */,
				4A19F31C254DC2CC00E429F0 /* RemoteClient.swift */,
				4AA682AD254D824900031ADC /* SceneDelegate.swift */,
				4A19F318254D8BB600E429F0 /* UserNotification.swift */,
				4AA682B1254D824B00031ADC /* Assets.xcassets */,
				4AA682B6254D824B00031ADC /* Info.plist */,
			);
			path = Example;
			sourceTree = "<group>";
		};
		4AA682BE254D824B00031ADC /* ExampleTests */ = {
			isa = PBXGroup;
			children = (
				4AA682BF254D824B00031ADC /* ExampleTests.swift */,
				4AA682C1254D824B00031ADC /* Info.plist */,
			);
			path = ExampleTests;
			sourceTree = "<group>";
		};
		4AA682DE254D827C00031ADC /* Frameworks */ = {
			isa = PBXGroup;
			children = (
			);
			name = Frameworks;
			sourceTree = "<group>";
		};
/* End PBXGroup section */

/* Begin PBXNativeTarget section */
		4AA682A9254D824900031ADC /* Example */ = {
			isa = PBXNativeTarget;
			buildConfigurationList = 4AA682CF254D824B00031ADC /* Build configuration list for PBXNativeTarget "Example" */;
			buildPhases = (
				4AA682A6254D824900031ADC /* Sources */,
				4AA682A7254D824900031ADC /* Frameworks */,
				4AA682A8254D824900031ADC /* Resources */,
			);
			buildRules = (
			);
			dependencies = (
			);
			name = Example;
			packageProductDependencies = (
				4AA682DF254D827C00031ADC /* ComposableUserNotifications */,
			);
			productName = Example;
			productReference = 4AA682AA254D824900031ADC /* Example.app */;
			productType = "com.apple.product-type.application";
		};
		4AA682BA254D824B00031ADC /* ExampleTests */ = {
			isa = PBXNativeTarget;
			buildConfigurationList = 4AA682D2254D824B00031ADC /* Build configuration list for PBXNativeTarget "ExampleTests" */;
			buildPhases = (
				4AA682B7254D824B00031ADC /* Sources */,
				4AA682B8254D824B00031ADC /* Frameworks */,
				4AA682B9254D824B00031ADC /* Resources */,
			);
			buildRules = (
			);
			dependencies = (
				4AA682BD254D824B00031ADC /* PBXTargetDependency */,
			);
			name = ExampleTests;
			productName = ExampleTests;
			productReference = 4AA682BB254D824B00031ADC /* ExampleTests.xctest */;
			productType = "com.apple.product-type.bundle.unit-test";
		};
/* End PBXNativeTarget section */

/* Begin PBXProject section */
		4AA682A2254D824900031ADC /* Project object */ = {
			isa = PBXProject;
			attributes = {
				LastSwiftUpdateCheck = 1200;
				LastUpgradeCheck = 1200;
				TargetAttributes = {
					4AA682A9254D824900031ADC = {
						CreatedOnToolsVersion = 12.0;
					};
					4AA682BA254D824B00031ADC = {
						CreatedOnToolsVersion = 12.0;
						TestTargetID = 4AA682A9254D824900031ADC;
					};
				};
			};
			buildConfigurationList = 4AA682A5254D824900031ADC /* Build configuration list for PBXProject "Example" */;
			compatibilityVersion = "Xcode 9.3";
			developmentRegion = en;
			hasScannedForEncodings = 0;
			knownRegions = (
				en,
				Base,
			);
			mainGroup = 4AA682A1254D824900031ADC;
			productRefGroup = 4AA682AB254D824900031ADC /* Products */;
			projectDirPath = "";
			projectRoot = "";
			targets = (
				4AA682A9254D824900031ADC /* Example */,
				4AA682BA254D824B00031ADC /* ExampleTests */,
			);
		};
/* End PBXProject section */

/* Begin PBXResourcesBuildPhase section */
		4AA682A8254D824900031ADC /* Resources */ = {
			isa = PBXResourcesBuildPhase;
			buildActionMask = 2147483647;
			files = (
				4AA682B2254D824B00031ADC /* Assets.xcassets in Resources */,
			);
			runOnlyForDeploymentPostprocessing = 0;
		};
		4AA682B9254D824B00031ADC /* Resources */ = {
			isa = PBXResourcesBuildPhase;
			buildActionMask = 2147483647;
			files = (
			);
			runOnlyForDeploymentPostprocessing = 0;
		};
/* End PBXResourcesBuildPhase section */

/* Begin PBXSourcesBuildPhase section */
		4AA682A6254D824900031ADC /* Sources */ = {
			isa = PBXSourcesBuildPhase;
			buildActionMask = 2147483647;
			files = (
				4AA682E7254D870C00031ADC /* AppState.swift in Sources */,
				4AA682B0254D824900031ADC /* ContentView.swift in Sources */,
				4A19F319254D8BB700E429F0 /* UserNotification.swift in Sources */,
				4A19F315254D8B9300E429F0 /* BackgroundNotification.swift in Sources */,
				4A19F31D254DC2CC00E429F0 /* RemoteClient.swift in Sources */,
				4AA682AE254D824900031ADC /* SceneDelegate.swift in Sources */,
			);
			runOnlyForDeploymentPostprocessing = 0;
		};
		4AA682B7254D824B00031ADC /* Sources */ = {
			isa = PBXSourcesBuildPhase;
			buildActionMask = 2147483647;
			files = (
				4AA682C0254D824B00031ADC /* ExampleTests.swift in Sources */,
			);
			runOnlyForDeploymentPostprocessing = 0;
		};
/* End PBXSourcesBuildPhase section */

/* Begin PBXTargetDependency section */
		4AA682BD254D824B00031ADC /* PBXTargetDependency */ = {
			isa = PBXTargetDependency;
			target = 4AA682A9254D824900031ADC /* Example */;
			targetProxy = 4AA682BC254D824B00031ADC /* PBXContainerItemProxy */;
		};
/* End PBXTargetDependency section */

/* Begin XCBuildConfiguration section */
		4AA682CD254D824B00031ADC /* Debug */ = {
			isa = XCBuildConfiguration;
			buildSettings = {
				ALWAYS_SEARCH_USER_PATHS = NO;
				CLANG_ANALYZER_NONNULL = YES;
				CLANG_ANALYZER_NUMBER_OBJECT_CONVERSION = YES_AGGRESSIVE;
				CLANG_CXX_LANGUAGE_STANDARD = "gnu++14";
				CLANG_CXX_LIBRARY = "libc++";
				CLANG_ENABLE_MODULES = YES;
				CLANG_ENABLE_OBJC_ARC = YES;
				CLANG_ENABLE_OBJC_WEAK = YES;
				CLANG_WARN_BLOCK_CAPTURE_AUTORELEASING = YES;
				CLANG_WARN_BOOL_CONVERSION = YES;
				CLANG_WARN_COMMA = YES;
				CLANG_WARN_CONSTANT_CONVERSION = YES;
				CLANG_WARN_DEPRECATED_OBJC_IMPLEMENTATIONS = YES;
				CLANG_WARN_DIRECT_OBJC_ISA_USAGE = YES_ERROR;
				CLANG_WARN_DOCUMENTATION_COMMENTS = YES;
				CLANG_WARN_EMPTY_BODY = YES;
				CLANG_WARN_ENUM_CONVERSION = YES;
				CLANG_WARN_INFINITE_RECURSION = YES;
				CLANG_WARN_INT_CONVERSION = YES;
				CLANG_WARN_NON_LITERAL_NULL_CONVERSION = YES;
				CLANG_WARN_OBJC_IMPLICIT_RETAIN_SELF = YES;
				CLANG_WARN_OBJC_LITERAL_CONVERSION = YES;
				CLANG_WARN_OBJC_ROOT_CLASS = YES_ERROR;
				CLANG_WARN_QUOTED_INCLUDE_IN_FRAMEWORK_HEADER = YES;
				CLANG_WARN_RANGE_LOOP_ANALYSIS = YES;
				CLANG_WARN_STRICT_PROTOTYPES = YES;
				CLANG_WARN_SUSPICIOUS_MOVE = YES;
				CLANG_WARN_UNGUARDED_AVAILABILITY = YES_AGGRESSIVE;
				CLANG_WARN_UNREACHABLE_CODE = YES;
				CLANG_WARN__DUPLICATE_METHOD_MATCH = YES;
				COPY_PHASE_STRIP = NO;
				DEBUG_INFORMATION_FORMAT = dwarf;
				ENABLE_STRICT_OBJC_MSGSEND = YES;
				ENABLE_TESTABILITY = YES;
				GCC_C_LANGUAGE_STANDARD = gnu11;
				GCC_DYNAMIC_NO_PIC = NO;
				GCC_NO_COMMON_BLOCKS = YES;
				GCC_OPTIMIZATION_LEVEL = 0;
				GCC_PREPROCESSOR_DEFINITIONS = (
					"DEBUG=1",
					"$(inherited)",
				);
				GCC_WARN_64_TO_32_BIT_CONVERSION = YES;
				GCC_WARN_ABOUT_RETURN_TYPE = YES_ERROR;
				GCC_WARN_UNDECLARED_SELECTOR = YES;
				GCC_WARN_UNINITIALIZED_AUTOS = YES_AGGRESSIVE;
				GCC_WARN_UNUSED_FUNCTION = YES;
				GCC_WARN_UNUSED_VARIABLE = YES;
				IPHONEOS_DEPLOYMENT_TARGET = 14.0;
				MTL_ENABLE_DEBUG_INFO = INCLUDE_SOURCE;
				MTL_FAST_MATH = YES;
				ONLY_ACTIVE_ARCH = YES;
				SDKROOT = iphoneos;
				SWIFT_ACTIVE_COMPILATION_CONDITIONS = DEBUG;
				SWIFT_OPTIMIZATION_LEVEL = "-Onone";
			};
			name = Debug;
		};
		4AA682CE254D824B00031ADC /* Release */ = {
			isa = XCBuildConfiguration;
			buildSettings = {
				ALWAYS_SEARCH_USER_PATHS = NO;
				CLANG_ANALYZER_NONNULL = YES;
				CLANG_ANALYZER_NUMBER_OBJECT_CONVERSION = YES_AGGRESSIVE;
				CLANG_CXX_LANGUAGE_STANDARD = "gnu++14";
				CLANG_CXX_LIBRARY = "libc++";
				CLANG_ENABLE_MODULES = YES;
				CLANG_ENABLE_OBJC_ARC = YES;
				CLANG_ENABLE_OBJC_WEAK = YES;
				CLANG_WARN_BLOCK_CAPTURE_AUTORELEASING = YES;
				CLANG_WARN_BOOL_CONVERSION = YES;
				CLANG_WARN_COMMA = YES;
				CLANG_WARN_CONSTANT_CONVERSION = YES;
				CLANG_WARN_DEPRECATED_OBJC_IMPLEMENTATIONS = YES;
				CLANG_WARN_DIRECT_OBJC_ISA_USAGE = YES_ERROR;
				CLANG_WARN_DOCUMENTATION_COMMENTS = YES;
				CLANG_WARN_EMPTY_BODY = YES;
				CLANG_WARN_ENUM_CONVERSION = YES;
				CLANG_WARN_INFINITE_RECURSION = YES;
				CLANG_WARN_INT_CONVERSION = YES;
				CLANG_WARN_NON_LITERAL_NULL_CONVERSION = YES;
				CLANG_WARN_OBJC_IMPLICIT_RETAIN_SELF = YES;
				CLANG_WARN_OBJC_LITERAL_CONVERSION = YES;
				CLANG_WARN_OBJC_ROOT_CLASS = YES_ERROR;
				CLANG_WARN_QUOTED_INCLUDE_IN_FRAMEWORK_HEADER = YES;
				CLANG_WARN_RANGE_LOOP_ANALYSIS = YES;
				CLANG_WARN_STRICT_PROTOTYPES = YES;
				CLANG_WARN_SUSPICIOUS_MOVE = YES;
				CLANG_WARN_UNGUARDED_AVAILABILITY = YES_AGGRESSIVE;
				CLANG_WARN_UNREACHABLE_CODE = YES;
				CLANG_WARN__DUPLICATE_METHOD_MATCH = YES;
				COPY_PHASE_STRIP = NO;
				DEBUG_INFORMATION_FORMAT = "dwarf-with-dsym";
				ENABLE_NS_ASSERTIONS = NO;
				ENABLE_STRICT_OBJC_MSGSEND = YES;
				GCC_C_LANGUAGE_STANDARD = gnu11;
				GCC_NO_COMMON_BLOCKS = YES;
				GCC_WARN_64_TO_32_BIT_CONVERSION = YES;
				GCC_WARN_ABOUT_RETURN_TYPE = YES_ERROR;
				GCC_WARN_UNDECLARED_SELECTOR = YES;
				GCC_WARN_UNINITIALIZED_AUTOS = YES_AGGRESSIVE;
				GCC_WARN_UNUSED_FUNCTION = YES;
				GCC_WARN_UNUSED_VARIABLE = YES;
				IPHONEOS_DEPLOYMENT_TARGET = 14.0;
				MTL_ENABLE_DEBUG_INFO = NO;
				MTL_FAST_MATH = YES;
				SDKROOT = iphoneos;
				SWIFT_COMPILATION_MODE = wholemodule;
				SWIFT_OPTIMIZATION_LEVEL = "-O";
				VALIDATE_PRODUCT = YES;
			};
			name = Release;
		};
		4AA682D0254D824B00031ADC /* Debug */ = {
			isa = XCBuildConfiguration;
			buildSettings = {
				ASSETCATALOG_COMPILER_APPICON_NAME = AppIcon;
				ASSETCATALOG_COMPILER_GLOBAL_ACCENT_COLOR_NAME = AccentColor;
				CODE_SIGN_STYLE = Automatic;
				ENABLE_PREVIEWS = YES;
				INFOPLIST_FILE = Example/Info.plist;
				IPHONEOS_DEPLOYMENT_TARGET = 14.0;
				LD_RUNPATH_SEARCH_PATHS = (
					"$(inherited)",
					"@executable_path/Frameworks",
				);
				PRODUCT_BUNDLE_IDENTIFIER = de.miiha.Example;
				PRODUCT_NAME = "$(TARGET_NAME)";
				SWIFT_VERSION = 5.0;
				TARGETED_DEVICE_FAMILY = "1,2";
			};
			name = Debug;
		};
		4AA682D1254D824B00031ADC /* Release */ = {
			isa = XCBuildConfiguration;
			buildSettings = {
				ASSETCATALOG_COMPILER_APPICON_NAME = AppIcon;
				ASSETCATALOG_COMPILER_GLOBAL_ACCENT_COLOR_NAME = AccentColor;
				CODE_SIGN_STYLE = Automatic;
				ENABLE_PREVIEWS = YES;
				INFOPLIST_FILE = Example/Info.plist;
				IPHONEOS_DEPLOYMENT_TARGET = 14.0;
				LD_RUNPATH_SEARCH_PATHS = (
					"$(inherited)",
					"@executable_path/Frameworks",
				);
				PRODUCT_BUNDLE_IDENTIFIER = de.miiha.Example;
				PRODUCT_NAME = "$(TARGET_NAME)";
				SWIFT_VERSION = 5.0;
				TARGETED_DEVICE_FAMILY = "1,2";
			};
			name = Release;
		};
		4AA682D3254D824B00031ADC /* Debug */ = {
			isa = XCBuildConfiguration;
			buildSettings = {
				ALWAYS_EMBED_SWIFT_STANDARD_LIBRARIES = YES;
				BUNDLE_LOADER = "$(TEST_HOST)";
				CODE_SIGN_STYLE = Automatic;
				INFOPLIST_FILE = ExampleTests/Info.plist;
				IPHONEOS_DEPLOYMENT_TARGET = 14.0;
				LD_RUNPATH_SEARCH_PATHS = (
					"$(inherited)",
					"@executable_path/Frameworks",
					"@loader_path/Frameworks",
				);
				PRODUCT_BUNDLE_IDENTIFIER = de.miiha.ExampleTests;
				PRODUCT_NAME = "$(TARGET_NAME)";
				SWIFT_VERSION = 5.0;
				TARGETED_DEVICE_FAMILY = "1,2";
				TEST_HOST = "$(BUILT_PRODUCTS_DIR)/Example.app/Example";
			};
			name = Debug;
		};
		4AA682D4254D824B00031ADC /* Release */ = {
			isa = XCBuildConfiguration;
			buildSettings = {
				ALWAYS_EMBED_SWIFT_STANDARD_LIBRARIES = YES;
				BUNDLE_LOADER = "$(TEST_HOST)";
				CODE_SIGN_STYLE = Automatic;
				INFOPLIST_FILE = ExampleTests/Info.plist;
				IPHONEOS_DEPLOYMENT_TARGET = 14.0;
				LD_RUNPATH_SEARCH_PATHS = (
					"$(inherited)",
					"@executable_path/Frameworks",
					"@loader_path/Frameworks",
				);
				PRODUCT_BUNDLE_IDENTIFIER = de.miiha.ExampleTests;
				PRODUCT_NAME = "$(TARGET_NAME)";
				SWIFT_VERSION = 5.0;
				TARGETED_DEVICE_FAMILY = "1,2";
				TEST_HOST = "$(BUILT_PRODUCTS_DIR)/Example.app/Example";
			};
			name = Release;
		};
/* End XCBuildConfiguration section */

/* Begin XCConfigurationList section */
		4AA682A5254D824900031ADC /* Build configuration list for PBXProject "Example" */ = {
			isa = XCConfigurationList;
			buildConfigurations = (
				4AA682CD254D824B00031ADC /* Debug */,
				4AA682CE254D824B00031ADC /* Release */,
			);
			defaultConfigurationIsVisible = 0;
			defaultConfigurationName = Release;
		};
		4AA682CF254D824B00031ADC /* Build configuration list for PBXNativeTarget "Example" */ = {
			isa = XCConfigurationList;
			buildConfigurations = (
				4AA682D0254D824B00031ADC /* Debug */,
				4AA682D1254D824B00031ADC /* Release */,
			);
			defaultConfigurationIsVisible = 0;
			defaultConfigurationName = Release;
		};
		4AA682D2254D824B00031ADC /* Build configuration list for PBXNativeTarget "ExampleTests" */ = {
			isa = XCConfigurationList;
			buildConfigurations = (
				4AA682D3254D824B00031ADC /* Debug */,
				4AA682D4254D824B00031ADC /* Release */,
			);
			defaultConfigurationIsVisible = 0;
			defaultConfigurationName = Release;
		};
/* End XCConfigurationList section */

/* Begin XCSwiftPackageProductDependency section */
		4AA682DF254D827C00031ADC /* ComposableUserNotifications */ = {
			isa = XCSwiftPackageProductDependency;
			productName = ComposableUserNotifications;
		};
/* End XCSwiftPackageProductDependency section */
	};
	rootObject = 4AA682A2254D824900031ADC /* Project object */;
}
